// !$*UTF8*$!
{
	archiveVersion = 1;
	classes = {
	};
	objectVersion = 48;
	objects = {

/* Begin PBXBuildFile section */
		BA5986DB2071530D0009459A /* AppDelegate.swift in Sources */ = {isa = PBXBuildFile; fileRef = BA5986DA2071530D0009459A /* AppDelegate.swift */; };
		BA5986DD2071530D0009459A /* ViewController.swift in Sources */ = {isa = PBXBuildFile; fileRef = BA5986DC2071530D0009459A /* ViewController.swift */; };
		BA5986E32071530D0009459A /* facebookMessenger.xcdatamodeld in Sources */ = {isa = PBXBuildFile; fileRef = BA5986E12071530D0009459A /* facebookMessenger.xcdatamodeld */; };
		BA5986E52071530D0009459A /* Assets.xcassets in Resources */ = {isa = PBXBuildFile; fileRef = BA5986E42071530D0009459A /* Assets.xcassets */; };
		BA5986E82071530D0009459A /* LaunchScreen.storyboard in Resources */ = {isa = PBXBuildFile; fileRef = BA5986E62071530D0009459A /* LaunchScreen.storyboard */; };
		BA59870A207164760009459A /* FriendsControllerHelper.swift in Sources */ = {isa = PBXBuildFile; fileRef = BA598709207164760009459A /* FriendsControllerHelper.swift */; };
		BA59872720716C280009459A /* Friend+CoreDataClass.swift in Sources */ = {isa = PBXBuildFile; fileRef = BA59872320716C280009459A /* Friend+CoreDataClass.swift */; };
		BA59872820716C280009459A /* Friend+CoreDataProperties.swift in Sources */ = {isa = PBXBuildFile; fileRef = BA59872420716C280009459A /* Friend+CoreDataProperties.swift */; };
		BA59872920716C280009459A /* Message+CoreDataClass.swift in Sources */ = {isa = PBXBuildFile; fileRef = BA59872520716C280009459A /* Message+CoreDataClass.swift */; };
		BA59872A20716C280009459A /* Message+CoreDataProperties.swift in Sources */ = {isa = PBXBuildFile; fileRef = BA59872620716C280009459A /* Message+CoreDataProperties.swift */; };
		BA59872C20717E730009459A /* ChatLogController.swift in Sources */ = {isa = PBXBuildFile; fileRef = BA59872B20717E730009459A /* ChatLogController.swift */; };
		BAB5BCB220741B3B008BDDC6 /* CustomTabBarController.swift in Sources */ = {isa = PBXBuildFile; fileRef = BAB5BCB120741B3B008BDDC6 /* CustomTabBarController.swift */; };
/* End PBXBuildFile section */

/* Begin PBXFileReference section */
		BA5986D72071530D0009459A /* facebookMessenger.app */ = {isa = PBXFileReference; explicitFileType = wrapper.application; includeInIndex = 0; path = facebookMessenger.app; sourceTree = BUILT_PRODUCTS_DIR; };
		BA5986DA2071530D0009459A /* AppDelegate.swift */ = {isa = PBXFileReference; lastKnownFileType = sourcecode.swift; path = AppDelegate.swift; sourceTree = "<group>"; };
		BA5986DC2071530D0009459A /* ViewController.swift */ = {isa = PBXFileReference; lastKnownFileType = sourcecode.swift; path = ViewController.swift; sourceTree = "<group>"; };
		BA5986E22071530D0009459A /* facebookMessenger.xcdatamodel */ = {isa = PBXFileReference; lastKnownFileType = wrapper.xcdatamodel; path = facebookMessenger.xcdatamodel; sourceTree = "<group>"; };
		BA5986E42071530D0009459A /* Assets.xcassets */ = {isa = PBXFileReference; lastKnownFileType = folder.assetcatalog; path = Assets.xcassets; sourceTree = "<group>"; };
		BA5986E72071530D0009459A /* Base */ = {isa = PBXFileReference; lastKnownFileType = file.storyboard; name = Base; path = Base.lproj/LaunchScreen.storyboard; sourceTree = "<group>"; };
		BA5986E92071530E0009459A /* Info.plist */ = {isa = PBXFileReference; lastKnownFileType = text.plist.xml; path = Info.plist; sourceTree = "<group>"; };
		BA598709207164760009459A /* FriendsControllerHelper.swift */ = {isa = PBXFileReference; lastKnownFileType = sourcecode.swift; path = FriendsControllerHelper.swift; sourceTree = "<group>"; };
		BA59872320716C280009459A /* Friend+CoreDataClass.swift */ = {isa = PBXFileReference; lastKnownFileType = sourcecode.swift; path = "Friend+CoreDataClass.swift"; sourceTree = "<group>"; };
		BA59872420716C280009459A /* Friend+CoreDataProperties.swift */ = {isa = PBXFileReference; lastKnownFileType = sourcecode.swift; path = "Friend+CoreDataProperties.swift"; sourceTree = "<group>"; };
		BA59872520716C280009459A /* Message+CoreDataClass.swift */ = {isa = PBXFileReference; lastKnownFileType = sourcecode.swift; path = "Message+CoreDataClass.swift"; sourceTree = "<group>"; };
		BA59872620716C280009459A /* Message+CoreDataProperties.swift */ = {isa = PBXFileReference; lastKnownFileType = sourcecode.swift; path = "Message+CoreDataProperties.swift"; sourceTree = "<group>"; };
		BA59872B20717E730009459A /* ChatLogController.swift */ = {isa = PBXFileReference; lastKnownFileType = sourcecode.swift; path = ChatLogController.swift; sourceTree = "<group>"; };
		BAB5BCB120741B3B008BDDC6 /* CustomTabBarController.swift */ = {isa = PBXFileReference; lastKnownFileType = sourcecode.swift; path = CustomTabBarController.swift; sourceTree = "<group>"; };
/* End PBXFileReference section */

/* Begin PBXFrameworksBuildPhase section */
		BA5986D42071530D0009459A /* Frameworks */ = {
			isa = PBXFrameworksBuildPhase;
			buildActionMask = 2147483647;
			files = (
			);
			runOnlyForDeploymentPostprocessing = 0;
		};
/* End PBXFrameworksBuildPhase section */

/* Begin PBXGroup section */
		BA5986CE2071530D0009459A = {
			isa = PBXGroup;
			children = (
				BA5986D92071530D0009459A /* facebookMessenger */,
				BA5986D82071530D0009459A /* Products */,
			);
			sourceTree = "<group>";
		};
		BA5986D82071530D0009459A /* Products */ = {
			isa = PBXGroup;
			children = (
				BA5986D72071530D0009459A /* facebookMessenger.app */,
			);
			name = Products;
			sourceTree = "<group>";
		};
		BA5986D92071530D0009459A /* facebookMessenger */ = {
			isa = PBXGroup;
			children = (
				BA5986DA2071530D0009459A /* AppDelegate.swift */,
				BA5986DC2071530D0009459A /* ViewController.swift */,
				BA598709207164760009459A /* FriendsControllerHelper.swift */,
				BA59872B20717E730009459A /* ChatLogController.swift */,
				BAB5BCB120741B3B008BDDC6 /* CustomTabBarController.swift */,
				BA5986E42071530D0009459A /* Assets.xcassets */,
				BA5986E62071530D0009459A /* LaunchScreen.storyboard */,
				BA5986E92071530E0009459A /* Info.plist */,
				BA5986E12071530D0009459A /* facebookMessenger.xcdatamodeld */,
				BA59872320716C280009459A /* Friend+CoreDataClass.swift */,
				BA59872420716C280009459A /* Friend+CoreDataProperties.swift */,
				BA59872520716C280009459A /* Message+CoreDataClass.swift */,
				BA59872620716C280009459A /* Message+CoreDataProperties.swift */,
			);
			path = facebookMessenger;
			sourceTree = "<group>";
		};
/* End PBXGroup section */

/* Begin PBXNativeTarget section */
		BA5986D62071530D0009459A /* facebookMessenger */ = {
			isa = PBXNativeTarget;
			buildConfigurationList = BA5986EC2071530E0009459A /* Build configuration list for PBXNativeTarget "facebookMessenger" */;
			buildPhases = (
				BA5986D32071530D0009459A /* Sources */,
				BA5986D42071530D0009459A /* Frameworks */,
				BA5986D52071530D0009459A /* Resources */,
			);
			buildRules = (
			);
			dependencies = (
			);
			name = facebookMessenger;
			productName = facebookMessenger;
			productReference = BA5986D72071530D0009459A /* facebookMessenger.app */;
			productType = "com.apple.product-type.application";
		};
/* End PBXNativeTarget section */

/* Begin PBXProject section */
		BA5986CF2071530D0009459A /* Project object */ = {
			isa = PBXProject;
			attributes = {
				LastSwiftUpdateCheck = 0920;
				LastUpgradeCheck = 0920;
				ORGANIZATIONNAME = "Arvids Gargurnis";
				TargetAttributes = {
					BA5986D62071530D0009459A = {
						CreatedOnToolsVersion = 9.2;
						ProvisioningStyle = Automatic;
					};
				};
			};
			buildConfigurationList = BA5986D22071530D0009459A /* Build configuration list for PBXProject "facebookMessenger" */;
			compatibilityVersion = "Xcode 8.0";
			developmentRegion = en;
			hasScannedForEncodings = 0;
			knownRegions = (
				en,
				Base,
			);
			mainGroup = BA5986CE2071530D0009459A;
			productRefGroup = BA5986D82071530D0009459A /* Products */;
			projectDirPath = "";
			projectRoot = "";
			targets = (
				BA5986D62071530D0009459A /* facebookMessenger */,
			);
		};
/* End PBXProject section */

/* Begin PBXResourcesBuildPhase section */
		BA5986D52071530D0009459A /* Resources */ = {
			isa = PBXResourcesBuildPhase;
			buildActionMask = 2147483647;
			files = (
				BA5986E82071530D0009459A /* LaunchScreen.storyboard in Resources */,
				BA5986E52071530D0009459A /* Assets.xcassets in Resources */,
			);
			runOnlyForDeploymentPostprocessing = 0;
		};
/* End PBXResourcesBuildPhase section */

/* Begin PBXSourcesBuildPhase section */
		BA5986D32071530D0009459A /* Sources */ = {
			isa = PBXSourcesBuildPhase;
			buildActionMask = 2147483647;
			files = (
				BA59872C20717E730009459A /* ChatLogController.swift in Sources */,
				BA5986DD2071530D0009459A /* ViewController.swift in Sources */,
				BAB5BCB220741B3B008BDDC6 /* CustomTabBarController.swift in Sources */,
				BA59872720716C280009459A /* Friend+CoreDataClass.swift in Sources */,
				BA5986E32071530D0009459A /* facebookMessenger.xcdatamodeld in Sources */,
				BA5986DB2071530D0009459A /* AppDelegate.swift in Sources */,
				BA59870A207164760009459A /* FriendsControllerHelper.swift in Sources */,
				BA59872820716C280009459A /* Friend+CoreDataProperties.swift in Sources */,
				BA59872A20716C280009459A /* Message+CoreDataProperties.swift in Sources */,
				BA59872920716C280009459A /* Message+CoreDataClass.swift in Sources */,
			);
			runOnlyForDeploymentPostprocessing = 0;
		};
/* End PBXSourcesBuildPhase section */

/* Begin PBXVariantGroup section */
		BA5986E62071530D0009459A /* LaunchScreen.storyboard */ = {
			isa = PBXVariantGroup;
			children = (
				BA5986E72071530D0009459A /* Base */,
			);
			name = LaunchScreen.storyboard;
			sourceTree = "<group>";
		};
/* End PBXVariantGroup section */

/* Begin XCBuildConfiguration section */
		BA5986EA2071530E0009459A /* Debug */ = {
			isa = XCBuildConfiguration;
			buildSettings = {
				ALWAYS_SEARCH_USER_PATHS = NO;
				CLANG_ANALYZER_NONNULL = YES;
				CLANG_ANALYZER_NUMBER_OBJECT_CONVERSION = YES_AGGRESSIVE;
				CLANG_CXX_LANGUAGE_STANDARD = "gnu++14";
				CLANG_CXX_LIBRARY = "libc++";
				CLANG_ENABLE_MODULES = YES;
				CLANG_ENABLE_OBJC_ARC = YES;
				CLANG_WARN_BLOCK_CAPTURE_AUTORELEASING = YES;
				CLANG_WARN_BOOL_CONVERSION = YES;
				CLANG_WARN_COMMA = YES;
				CLANG_WARN_CONSTANT_CONVERSION = YES;
				CLANG_WARN_DIRECT_OBJC_ISA_USAGE = YES_ERROR;
				CLANG_WARN_DOCUMENTATION_COMMENTS = YES;
				CLANG_WARN_EMPTY_BODY = YES;
				CLANG_WARN_ENUM_CONVERSION = YES;
				CLANG_WARN_INFINITE_RECURSION = YES;
				CLANG_WARN_INT_CONVERSION = YES;
				CLANG_WARN_NON_LITERAL_NULL_CONVERSION = YES;
				CLANG_WARN_OBJC_LITERAL_CONVERSION = YES;
				CLANG_WARN_OBJC_ROOT_CLASS = YES_ERROR;
				CLANG_WARN_RANGE_LOOP_ANALYSIS = YES;
				CLANG_WARN_STRICT_PROTOTYPES = YES;
				CLANG_WARN_SUSPICIOUS_MOVE = YES;
				CLANG_WARN_UNGUARDED_AVAILABILITY = YES_AGGRESSIVE;
				CLANG_WARN_UNREACHABLE_CODE = YES;
				CLANG_WARN__DUPLICATE_METHOD_MATCH = YES;
				CODE_SIGN_IDENTITY = "iPhone Developer";
				COPY_PHASE_STRIP = NO;
				DEBUG_INFORMATION_FORMAT = dwarf;
				ENABLE_STRICT_OBJC_MSGSEND = YES;
				ENABLE_TESTABILITY = YES;
				GCC_C_LANGUAGE_STANDARD = gnu11;
				GCC_DYNAMIC_NO_PIC = NO;
				GCC_NO_COMMON_BLOCKS = YES;
				GCC_OPTIMIZATION_LEVEL = 0;
				GCC_PREPROCESSOR_DEFINITIONS = (
					"DEBUG=1",
					"$(inherited)",
				);
				GCC_WARN_64_TO_32_BIT_CONVERSION = YES;
				GCC_WARN_ABOUT_RETURN_TYPE = YES_ERROR;
				GCC_WARN_UNDECLARED_SELECTOR = YES;
				GCC_WARN_UNINITIALIZED_AUTOS = YES_AGGRESSIVE;
				GCC_WARN_UNUSED_FUNCTION = YES;
				GCC_WARN_UNUSED_VARIABLE = YES;
				IPHONEOS_DEPLOYMENT_TARGET = 11.2;
				MTL_ENABLE_DEBUG_INFO = YES;
				ONLY_ACTIVE_ARCH = YES;
				SDKROOT = iphoneos;
				SWIFT_ACTIVE_COMPILATION_CONDITIONS = DEBUG;
				SWIFT_OPTIMIZATION_LEVEL = "-Onone";
			};
			name = Debug;
		};
		BA5986EB2071530E0009459A /* Release */ = {
			isa = XCBuildConfiguration;
			buildSettings = {
				ALWAYS_SEARCH_USER_PATHS = NO;
				CLANG_ANALYZER_NONNULL = YES;
				CLANG_ANALYZER_NUMBER_OBJECT_CONVERSION = YES_AGGRESSIVE;
				CLANG_CXX_LANGUAGE_STANDARD = "gnu++14";
				CLANG_CXX_LIBRARY = "libc++";
				CLANG_ENABLE_MODULES = YES;
				CLANG_ENABLE_OBJC_ARC = YES;
				CLANG_WARN_BLOCK_CAPTURE_AUTORELEASING = YES;
				CLANG_WARN_BOOL_CONVERSION = YES;
				CLANG_WARN_COMMA = YES;
				CLANG_WARN_CONSTANT_CONVERSION = YES;
				CLANG_WARN_DIRECT_OBJC_ISA_USAGE = YES_ERROR;
				CLANG_WARN_DOCUMENTATION_COMMENTS = YES;
				CLANG_WARN_EMPTY_BODY = YES;
				CLANG_WARN_ENUM_CONVERSION = YES;
				CLANG_WARN_INFINITE_RECURSION = YES;
				CLANG_WARN_INT_CONVERSION = YES;
				CLANG_WARN_NON_LITERAL_NULL_CONVERSION = YES;
				CLANG_WARN_OBJC_LITERAL_CONVERSION = YES;
				CLANG_WARN_OBJC_ROOT_CLASS = YES_ERROR;
				CLANG_WARN_RANGE_LOOP_ANALYSIS = YES;
				CLANG_WARN_STRICT_PROTOTYPES = YES;
				CLANG_WARN_SUSPICIOUS_MOVE = YES;
				CLANG_WARN_UNGUARDED_AVAILABILITY = YES_AGGRESSIVE;
				CLANG_WARN_UNREACHABLE_CODE = YES;
				CLANG_WARN__DUPLICATE_METHOD_MATCH = YES;
				CODE_SIGN_IDENTITY = "iPhone Developer";
				COPY_PHASE_STRIP = NO;
				DEBUG_INFORMATION_FORMAT = "dwarf-with-dsym";
				ENABLE_NS_ASSERTIONS = NO;
				ENABLE_STRICT_OBJC_MSGSEND = YES;
				GCC_C_LANGUAGE_STANDARD = gnu11;
				GCC_NO_COMMON_BLOCKS = YES;
				GCC_WARN_64_TO_32_BIT_CONVERSION = YES;
				GCC_WARN_ABOUT_RETURN_TYPE = YES_ERROR;
				GCC_WARN_UNDECLARED_SELECTOR = YES;
				GCC_WARN_UNINITIALIZED_AUTOS = YES_AGGRESSIVE;
				GCC_WARN_UNUSED_FUNCTION = YES;
				GCC_WARN_UNUSED_VARIABLE = YES;
				IPHONEOS_DEPLOYMENT_TARGET = 11.2;
				MTL_ENABLE_DEBUG_INFO = NO;
				SDKROOT = iphoneos;
				SWIFT_OPTIMIZATION_LEVEL = "-Owholemodule";
				VALIDATE_PRODUCT = YES;
			};
			name = Release;
		};
		BA5986ED2071530E0009459A /* Debug */ = {
			isa = XCBuildConfiguration;
			buildSettings = {
				ASSETCATALOG_COMPILER_APPICON_NAME = AppIcon;
				CODE_SIGN_STYLE = Automatic;
				DEVELOPMENT_TEAM = 69953DVWMV;
				INFOPLIST_FILE = facebookMessenger/Info.plist;
				LD_RUNPATH_SEARCH_PATHS = "$(inherited) @executable_path/Frameworks";
				PRODUCT_BUNDLE_IDENTIFIER = com.agargurnis.facebookMessenger;
				PRODUCT_NAME = "$(TARGET_NAME)";
				SWIFT_VERSION = 4.0;
				TARGETED_DEVICE_FAMILY = "1,2";
			};
			name = Debug;
		};
		BA5986EE2071530E0009459A /* Release */ = {
			isa = XCBuildConfiguration;
			buildSettings = {
				ASSETCATALOG_COMPILER_APPICON_NAME = AppIcon;
				CODE_SIGN_STYLE = Automatic;
				DEVELOPMENT_TEAM = 69953DVWMV;
				INFOPLIST_FILE = facebookMessenger/Info.plist;
				LD_RUNPATH_SEARCH_PATHS = "$(inherited) @executable_path/Frameworks";
				PRODUCT_BUNDLE_IDENTIFIER = com.agargurnis.facebookMessenger;
				PRODUCT_NAME = "$(TARGET_NAME)";
				SWIFT_VERSION = 4.0;
				TARGETED_DEVICE_FAMILY = "1,2";
			};
			name = Release;
		};
/* End XCBuildConfiguration section */

/* Begin XCConfigurationList section */
		BA5986D22071530D0009459A /* Build configuration list for PBXProject "facebookMessenger" */ = {
			isa = XCConfigurationList;
			buildConfigurations = (
				BA5986EA2071530E0009459A /* Debug */,
				BA5986EB2071530E0009459A /* Release */,
			);
			defaultConfigurationIsVisible = 0;
			defaultConfigurationName = Release;
		};
		BA5986EC2071530E0009459A /* Build configuration list for PBXNativeTarget "facebookMessenger" */ = {
			isa = XCConfigurationList;
			buildConfigurations = (
				BA5986ED2071530E0009459A /* Debug */,
				BA5986EE2071530E0009459A /* Release */,
			);
			defaultConfigurationIsVisible = 0;
			defaultConfigurationName = Release;
		};
/* End XCConfigurationList section */

/* Begin XCVersionGroup section */
		BA5986E12071530D0009459A /* facebookMessenger.xcdatamodeld */ = {
			isa = XCVersionGroup;
			children = (
				BA5986E22071530D0009459A /* facebookMessenger.xcdatamodel */,
			);
			currentVersion = BA5986E22071530D0009459A /* facebookMessenger.xcdatamodel */;
			path = facebookMessenger.xcdatamodeld;
			sourceTree = "<group>";
			versionGroupType = wrapper.xcdatamodel;
		};
/* End XCVersionGroup section */
	};
	rootObject = BA5986CF2071530D0009459A /* Project object */;
}
